# This file was autogenerated by Stack.
# You should not edit this file by hand.
# For more information, please see the documentation at:
#   https://docs.haskellstack.org/en/stable/lock_files

packages:
- completed:
    hackage: ftp-client-0.5.1.4@sha256:4212e7f585fa5a611e8149c8b8cbb79fe7605506973a94ddf4ff025cf5f73a89,1356
    pantry-tree:
      size: 322
      sha256: 04db33580f2e2ba9dacdb35cfd3df4e668dcad7dfa36226868c34d3e5c476925
  original:
    hackage: ftp-client-0.5.1.4
- completed:
    hackage: dotenv-0.8.0.7@sha256:fa500b439396bd0cc2ee83229241cbfa56363dbbe7d5bdb2d43b966ec2f00663,5910
    pantry-tree:
      size: 1778
      sha256: 2c6ab9c901afe8c3856b689e38af030eea3941256eca14b2f898e410f08437d6
  original:
    hackage: dotenv-0.8.0.7
snapshots:
- completed:
    size: 565720
    url: https://raw.githubusercontent.com/commercialhaskell/stackage-snapshots/master/lts/17/8.yaml
    sha256: 76bf8992ff8dfe6eda9c02f81866138c2369344d5011ab39ae403457c4448b03
  original:
    url: https://raw.githubusercontent.com/commercialhaskell/stackage-snapshots/master/lts/17/8.yaml
